
Microsoft Visual Studio Solution File, Format Version 12.00
Project("{2150E333-8FDC-42A3-9474-1A3956D46DE8}") = "Tests", "Tests", "{A2CC5407-035C-4BC5-9A22-B72951BD4FA7}"
EndProject
Project("{2150E333-8FDC-42A3-9474-1A3956D46DE8}") = "Source", "Source", "{CDA3CE38-0895-4DF8-A49C-FFC9F92930F6}"
EndProject
Project("{2150E333-8FDC-42A3-9474-1A3956D46DE8}") = "Applications", "Applications", "{DE2AD587-35F2-491B-BB6E-75B8AD5FB28E}"
EndProject
Project("{2150E333-8FDC-42A3-9474-1A3956D46DE8}") = "Domain", "Domain", "{07DD1228-C1A6-448B-B64C-77BF7E5C8D9F}"
EndProject
Project("{2150E333-8FDC-42A3-9474-1A3956D46DE8}") = "Infrastructure", "Infrastructure", "{90315623-A82D-4F11-A546-CAE25ABC1F52}"
EndProject
Project("{2150E333-8FDC-42A3-9474-1A3956D46DE8}") = "Libraries", "Libraries", "{226E4D15-C861-4A2F-B775-F6D4BCEF4A5C}"
EndProject
Project("{FAE04EC0-301F-11D3-BF4B-00C04F79EFBC}") = "CloudContact.Api", "Source\Infrastructure\Libraries\CloudContact.Api\CloudContact.Api.csproj", "{636E75E1-A192-41EF-A271-6C230BC9C7DA}"
EndProject
Project("{FAE04EC0-301F-11D3-BF4B-00C04F79EFBC}") = "CommandWrapper.Core", "Source\Infrastructure\Libraries\CommandWrapper.Core\CommandWrapper.Core.csproj", "{D407E16E-907E-41A2-90A5-715295068B52}"
EndProject
Project("{FAE04EC0-301F-11D3-BF4B-00C04F79EFBC}") = "CommandWrapper.Sox", "Source\Infrastructure\Libraries\CommandWrapper.Sox\CommandWrapper.Sox.csproj", "{233907A4-85D2-4ECE-BCFB-9F27541339C3}"
EndProject
Project("{FAE04EC0-301F-11D3-BF4B-00C04F79EFBC}") = "CloudContact.Api.Tests", "Tests\CloudContact.Api.Tests\CloudContact.Api.Tests.csproj", "{BF2C7FE7-517B-4CB0-8D6A-7EB0F9586A44}"
EndProject
Project("{FAE04EC0-301F-11D3-BF4B-00C04F79EFBC}") = "CommandWrapper.Core.Tests", "Tests\CommandWrapper.Core.Tests\CommandWrapper.Core.Tests.csproj", "{0D2E2665-2923-4CEF-A521-0CD77690284B}"
EndProject
Project("{FAE04EC0-301F-11D3-BF4B-00C04F79EFBC}") = "CommandWrapper.Sox.Tests", "Tests\CommandWrapper.Sox.Tests\CommandWrapper.Sox.Tests.csproj", "{80A55434-3DED-424B-8294-5E6D59C909B4}"
EndProject
Project("{FAE04EC0-301F-11D3-BF4B-00C04F79EFBC}") = "Diart.Tests", "Tests\Diart.Tests\Diart.Tests.csproj", "{AEBD527B-532A-4BF9-BA36-920960220CE9}"
EndProject
Project("{FAE04EC0-301F-11D3-BF4B-00C04F79EFBC}") = "Diart", "Source\Infrastructure\Libraries\Diart\Diart.csproj", "{40EE2035-CA83-46EF-88C0-7E1A947AB8CD}"
EndProject
Project("{FAE04EC0-301F-11D3-BF4B-00C04F79EFBC}") = "Core", "Source\Domain\Core\Core.csproj", "{B12E04A0-8DB2-42AC-A1D5-758BD20D1FAE}"
EndProject
Project("{FAE04EC0-301F-11D3-BF4B-00C04F79EFBC}") = "Web", "Source\Applications\Web\Web.csproj", "{F325FEE8-7E48-4D52-8E67-39984D135A49}"
EndProject
Project("{FAE04EC0-301F-11D3-BF4B-00C04F79EFBC}") = "Web.SpeechToTextApi", "Source\Applications\Web.SpeechToTextApi\Web.SpeechToTextApi.csproj", "{F806986E-2201-479C-9FD2-34E69CF7EB9D}"
EndProject
Project("{FAE04EC0-301F-11D3-BF4B-00C04F79EFBC}") = "Core.SpeechToText", "Source\Domain\Core.SpeechToText\Core.SpeechToText.csproj", "{7F9E1EC5-A30C-4D19-8A0C-B0E157A7D3DD}"
EndProject
Project("{2150E333-8FDC-42A3-9474-1A3956D46DE8}") = "TextProcessors", "TextProcessors", "{1A649D02-96B3-49FD-939C-B1B5EDDE11F3}"
EndProject
Project("{2150E333-8FDC-42A3-9474-1A3956D46DE8}") = "SpeechRecognitions", "SpeechRecognitions", "{AEF70592-B33F-4A4B-9480-6079800BA602}"
EndProject
Project("{2150E333-8FDC-42A3-9474-1A3956D46DE8}") = "AudioProcessors", "AudioProcessors", "{CA818DF8-F4AB-4ADB-AA27-9002CF89AC91}"
EndProject
Project("{FAE04EC0-301F-11D3-BF4B-00C04F79EFBC}") = "OllamaTextProcessors", "Source\Infrastructure\TextProcessors\OllamaTextProcessors\OllamaTextProcessors.csproj", "{DDD77768-BD41-4E62-8269-4E63091F520D}"
EndProject
Project("{FAE04EC0-301F-11D3-BF4B-00C04F79EFBC}") = "WhisperSpeechRecognition", "Source\Infrastructure\SpeechRecognitions\WhisperSpeechRecognition\WhisperSpeechRecognition.csproj", "{3F435755-31A1-48A7-82ED-43A10EA3B345}"
EndProject
Project("{FAE04EC0-301F-11D3-BF4B-00C04F79EFBC}") = "SoxAudioProcessor", "Source\Infrastructure\AudioProcessors\SoxAudioProcessor\SoxAudioProcessor.csproj", "{7D10C4C6-500F-446F-8D1F-0334BE70F823}"
EndProject
Project("{FAE04EC0-301F-11D3-BF4B-00C04F79EFBC}") = "Example", "Source\Applications\Example\Example.csproj", "{077B0764-9536-4A88-85C9-C6CF512D224E}"
EndProject
Project("{2150E333-8FDC-42A3-9474-1A3956D46DE8}") = "Implementation", "Implementation", "{7F7120AC-60E8-4AB7-9878-96418B4D8882}"
EndProject
Project("{FAE04EC0-301F-11D3-BF4B-00C04F79EFBC}") = "Services", "Source\Infrastructure\Implementation\Services\Services.csproj", "{9EAED641-EBCD-4C72-9D98-81F5F3F20B14}"
EndProject
Project("{FAE04EC0-301F-11D3-BF4B-00C04F79EFBC}") = "Pipeline", "Source\Infrastructure\Implementation\Pipeline\Pipeline.csproj", "{AC976289-219E-4718-8420-B99BBCB278F5}"
EndProject
Project("{2150E333-8FDC-42A3-9474-1A3956D46DE8}") = "Storage", "Storage", "{6F252977-5588-414D-BDA8-A05FA1ADA584}"
EndProject
Project("{FAE04EC0-301F-11D3-BF4B-00C04F79EFBC}") = "EntityFrameworkCore", "Source\Infrastructure\Storage\EntityFrameworkCore\EntityFrameworkCore.csproj", "{2EC11E0B-189C-4F0E-87F1-5A8293436CCE}"
EndProject
Global
	GlobalSection(SolutionConfigurationPlatforms) = preSolution
		Debug|Any CPU = Debug|Any CPU
		Release|Any CPU = Release|Any CPU
	EndGlobalSection
	GlobalSection(NestedProjects) = preSolution
		{DE2AD587-35F2-491B-BB6E-75B8AD5FB28E} = {CDA3CE38-0895-4DF8-A49C-FFC9F92930F6}
		{07DD1228-C1A6-448B-B64C-77BF7E5C8D9F} = {CDA3CE38-0895-4DF8-A49C-FFC9F92930F6}
		{90315623-A82D-4F11-A546-CAE25ABC1F52} = {CDA3CE38-0895-4DF8-A49C-FFC9F92930F6}
		{226E4D15-C861-4A2F-B775-F6D4BCEF4A5C} = {90315623-A82D-4F11-A546-CAE25ABC1F52}
		{636E75E1-A192-41EF-A271-6C230BC9C7DA} = {226E4D15-C861-4A2F-B775-F6D4BCEF4A5C}
		{D407E16E-907E-41A2-90A5-715295068B52} = {226E4D15-C861-4A2F-B775-F6D4BCEF4A5C}
		{233907A4-85D2-4ECE-BCFB-9F27541339C3} = {226E4D15-C861-4A2F-B775-F6D4BCEF4A5C}
		{BF2C7FE7-517B-4CB0-8D6A-7EB0F9586A44} = {A2CC5407-035C-4BC5-9A22-B72951BD4FA7}
		{0D2E2665-2923-4CEF-A521-0CD77690284B} = {A2CC5407-035C-4BC5-9A22-B72951BD4FA7}
		{80A55434-3DED-424B-8294-5E6D59C909B4} = {A2CC5407-035C-4BC5-9A22-B72951BD4FA7}
		{AEBD527B-532A-4BF9-BA36-920960220CE9} = {A2CC5407-035C-4BC5-9A22-B72951BD4FA7}
		{40EE2035-CA83-46EF-88C0-7E1A947AB8CD} = {226E4D15-C861-4A2F-B775-F6D4BCEF4A5C}
		{B12E04A0-8DB2-42AC-A1D5-758BD20D1FAE} = {07DD1228-C1A6-448B-B64C-77BF7E5C8D9F}
		{F325FEE8-7E48-4D52-8E67-39984D135A49} = {DE2AD587-35F2-491B-BB6E-75B8AD5FB28E}
		{F806986E-2201-479C-9FD2-34E69CF7EB9D} = {DE2AD587-35F2-491B-BB6E-75B8AD5FB28E}
		{7F9E1EC5-A30C-4D19-8A0C-B0E157A7D3DD} = {07DD1228-C1A6-448B-B64C-77BF7E5C8D9F}
		{1A649D02-96B3-49FD-939C-B1B5EDDE11F3} = {90315623-A82D-4F11-A546-CAE25ABC1F52}
		{AEF70592-B33F-4A4B-9480-6079800BA602} = {90315623-A82D-4F11-A546-CAE25ABC1F52}
		{CA818DF8-F4AB-4ADB-AA27-9002CF89AC91} = {90315623-A82D-4F11-A546-CAE25ABC1F52}
		{DDD77768-BD41-4E62-8269-4E63091F520D} = {1A649D02-96B3-49FD-939C-B1B5EDDE11F3}
		{3F435755-31A1-48A7-82ED-43A10EA3B345} = {AEF70592-B33F-4A4B-9480-6079800BA602}
		{7D10C4C6-500F-446F-8D1F-0334BE70F823} = {CA818DF8-F4AB-4ADB-AA27-9002CF89AC91}
		{077B0764-9536-4A88-85C9-C6CF512D224E} = {DE2AD587-35F2-491B-BB6E-75B8AD5FB28E}
		{7F7120AC-60E8-4AB7-9878-96418B4D8882} = {90315623-A82D-4F11-A546-CAE25ABC1F52}
		{9EAED641-EBCD-4C72-9D98-81F5F3F20B14} = {7F7120AC-60E8-4AB7-9878-96418B4D8882}
		{AC976289-219E-4718-8420-B99BBCB278F5} = {7F7120AC-60E8-4AB7-9878-96418B4D8882}
		{6F252977-5588-414D-BDA8-A05FA1ADA584} = {90315623-A82D-4F11-A546-CAE25ABC1F52}
		{2EC11E0B-189C-4F0E-87F1-5A8293436CCE} = {6F252977-5588-414D-BDA8-A05FA1ADA584}
	EndGlobalSection
	GlobalSection(ProjectConfigurationPlatforms) = postSolution
		{636E75E1-A192-41EF-A271-6C230BC9C7DA}.Debug|Any CPU.ActiveCfg = Debug|Any CPU
		{636E75E1-A192-41EF-A271-6C230BC9C7DA}.Debug|Any CPU.Build.0 = Debug|Any CPU
		{636E75E1-A192-41EF-A271-6C230BC9C7DA}.Release|Any CPU.ActiveCfg = Release|Any CPU
		{636E75E1-A192-41EF-A271-6C230BC9C7DA}.Release|Any CPU.Build.0 = Release|Any CPU
		{D407E16E-907E-41A2-90A5-715295068B52}.Debug|Any CPU.ActiveCfg = Debug|Any CPU
		{D407E16E-907E-41A2-90A5-715295068B52}.Debug|Any CPU.Build.0 = Debug|Any CPU
		{D407E16E-907E-41A2-90A5-715295068B52}.Release|Any CPU.ActiveCfg = Release|Any CPU
		{D407E16E-907E-41A2-90A5-715295068B52}.Release|Any CPU.Build.0 = Release|Any CPU
		{233907A4-85D2-4ECE-BCFB-9F27541339C3}.Debug|Any CPU.ActiveCfg = Debug|Any CPU
		{233907A4-85D2-4ECE-BCFB-9F27541339C3}.Debug|Any CPU.Build.0 = Debug|Any CPU
		{233907A4-85D2-4ECE-BCFB-9F27541339C3}.Release|Any CPU.ActiveCfg = Release|Any CPU
		{233907A4-85D2-4ECE-BCFB-9F27541339C3}.Release|Any CPU.Build.0 = Release|Any CPU
		{BF2C7FE7-517B-4CB0-8D6A-7EB0F9586A44}.Debug|Any CPU.ActiveCfg = Debug|Any CPU
		{BF2C7FE7-517B-4CB0-8D6A-7EB0F9586A44}.Debug|Any CPU.Build.0 = Debug|Any CPU
		{BF2C7FE7-517B-4CB0-8D6A-7EB0F9586A44}.Release|Any CPU.ActiveCfg = Release|Any CPU
		{BF2C7FE7-517B-4CB0-8D6A-7EB0F9586A44}.Release|Any CPU.Build.0 = Release|Any CPU
		{0D2E2665-2923-4CEF-A521-0CD77690284B}.Debug|Any CPU.ActiveCfg = Debug|Any CPU
		{0D2E2665-2923-4CEF-A521-0CD77690284B}.Debug|Any CPU.Build.0 = Debug|Any CPU
		{0D2E2665-2923-4CEF-A521-0CD77690284B}.Release|Any CPU.ActiveCfg = Release|Any CPU
		{0D2E2665-2923-4CEF-A521-0CD77690284B}.Release|Any CPU.Build.0 = Release|Any CPU
		{80A55434-3DED-424B-8294-5E6D59C909B4}.Debug|Any CPU.ActiveCfg = Debug|Any CPU
		{80A55434-3DED-424B-8294-5E6D59C909B4}.Debug|Any CPU.Build.0 = Debug|Any CPU
		{80A55434-3DED-424B-8294-5E6D59C909B4}.Release|Any CPU.ActiveCfg = Release|Any CPU
		{80A55434-3DED-424B-8294-5E6D59C909B4}.Release|Any CPU.Build.0 = Release|Any CPU
		{AEBD527B-532A-4BF9-BA36-920960220CE9}.Debug|Any CPU.ActiveCfg = Debug|Any CPU
		{AEBD527B-532A-4BF9-BA36-920960220CE9}.Debug|Any CPU.Build.0 = Debug|Any CPU
		{AEBD527B-532A-4BF9-BA36-920960220CE9}.Release|Any CPU.ActiveCfg = Release|Any CPU
		{AEBD527B-532A-4BF9-BA36-920960220CE9}.Release|Any CPU.Build.0 = Release|Any CPU
		{40EE2035-CA83-46EF-88C0-7E1A947AB8CD}.Debug|Any CPU.ActiveCfg = Debug|Any CPU
		{40EE2035-CA83-46EF-88C0-7E1A947AB8CD}.Debug|Any CPU.Build.0 = Debug|Any CPU
		{40EE2035-CA83-46EF-88C0-7E1A947AB8CD}.Release|Any CPU.ActiveCfg = Release|Any CPU
		{40EE2035-CA83-46EF-88C0-7E1A947AB8CD}.Release|Any CPU.Build.0 = Release|Any CPU
		{B12E04A0-8DB2-42AC-A1D5-758BD20D1FAE}.Debug|Any CPU.ActiveCfg = Debug|Any CPU
		{B12E04A0-8DB2-42AC-A1D5-758BD20D1FAE}.Debug|Any CPU.Build.0 = Debug|Any CPU
		{B12E04A0-8DB2-42AC-A1D5-758BD20D1FAE}.Release|Any CPU.ActiveCfg = Release|Any CPU
		{B12E04A0-8DB2-42AC-A1D5-758BD20D1FAE}.Release|Any CPU.Build.0 = Release|Any CPU
		{F325FEE8-7E48-4D52-8E67-39984D135A49}.Debug|Any CPU.ActiveCfg = Debug|Any CPU
		{F325FEE8-7E48-4D52-8E67-39984D135A49}.Debug|Any CPU.Build.0 = Debug|Any CPU
		{F325FEE8-7E48-4D52-8E67-39984D135A49}.Release|Any CPU.ActiveCfg = Release|Any CPU
		{F325FEE8-7E48-4D52-8E67-39984D135A49}.Release|Any CPU.Build.0 = Release|Any CPU
		{F806986E-2201-479C-9FD2-34E69CF7EB9D}.Debug|Any CPU.ActiveCfg = Debug|Any CPU
		{F806986E-2201-479C-9FD2-34E69CF7EB9D}.Debug|Any CPU.Build.0 = Debug|Any CPU
		{F806986E-2201-479C-9FD2-34E69CF7EB9D}.Release|Any CPU.ActiveCfg = Release|Any CPU
		{F806986E-2201-479C-9FD2-34E69CF7EB9D}.Release|Any CPU.Build.0 = Release|Any CPU
		{7F9E1EC5-A30C-4D19-8A0C-B0E157A7D3DD}.Debug|Any CPU.ActiveCfg = Debug|Any CPU
		{7F9E1EC5-A30C-4D19-8A0C-B0E157A7D3DD}.Debug|Any CPU.Build.0 = Debug|Any CPU
		{7F9E1EC5-A30C-4D19-8A0C-B0E157A7D3DD}.Release|Any CPU.ActiveCfg = Release|Any CPU
		{7F9E1EC5-A30C-4D19-8A0C-B0E157A7D3DD}.Release|Any CPU.Build.0 = Release|Any CPU
		{DDD77768-BD41-4E62-8269-4E63091F520D}.Debug|Any CPU.ActiveCfg = Debug|Any CPU
		{DDD77768-BD41-4E62-8269-4E63091F520D}.Debug|Any CPU.Build.0 = Debug|Any CPU
		{DDD77768-BD41-4E62-8269-4E63091F520D}.Release|Any CPU.ActiveCfg = Release|Any CPU
		{DDD77768-BD41-4E62-8269-4E63091F520D}.Release|Any CPU.Build.0 = Release|Any CPU
		{3F435755-31A1-48A7-82ED-43A10EA3B345}.Debug|Any CPU.ActiveCfg = Debug|Any CPU
		{3F435755-31A1-48A7-82ED-43A10EA3B345}.Debug|Any CPU.Build.0 = Debug|Any CPU
		{3F435755-31A1-48A7-82ED-43A10EA3B345}.Release|Any CPU.ActiveCfg = Release|Any CPU
		{3F435755-31A1-48A7-82ED-43A10EA3B345}.Release|Any CPU.Build.0 = Release|Any CPU
		{7D10C4C6-500F-446F-8D1F-0334BE70F823}.Debug|Any CPU.ActiveCfg = Debug|Any CPU
		{7D10C4C6-500F-446F-8D1F-0334BE70F823}.Debug|Any CPU.Build.0 = Debug|Any CPU
		{7D10C4C6-500F-446F-8D1F-0334BE70F823}.Release|Any CPU.ActiveCfg = Release|Any CPU
		{7D10C4C6-500F-446F-8D1F-0334BE70F823}.Release|Any CPU.Build.0 = Release|Any CPU
		{077B0764-9536-4A88-85C9-C6CF512D224E}.Debug|Any CPU.ActiveCfg = Debug|Any CPU
		{077B0764-9536-4A88-85C9-C6CF512D224E}.Debug|Any CPU.Build.0 = Debug|Any CPU
		{077B0764-9536-4A88-85C9-C6CF512D224E}.Release|Any CPU.ActiveCfg = Release|Any CPU
		{077B0764-9536-4A88-85C9-C6CF512D224E}.Release|Any CPU.Build.0 = Release|Any CPU
		{9EAED641-EBCD-4C72-9D98-81F5F3F20B14}.Debug|Any CPU.ActiveCfg = Debug|Any CPU
		{9EAED641-EBCD-4C72-9D98-81F5F3F20B14}.Debug|Any CPU.Build.0 = Debug|Any CPU
		{9EAED641-EBCD-4C72-9D98-81F5F3F20B14}.Release|Any CPU.ActiveCfg = Release|Any CPU
		{9EAED641-EBCD-4C72-9D98-81F5F3F20B14}.Release|Any CPU.Build.0 = Release|Any CPU
		{AC976289-219E-4718-8420-B99BBCB278F5}.Debug|Any CPU.ActiveCfg = Debug|Any CPU
		{AC976289-219E-4718-8420-B99BBCB278F5}.Debug|Any CPU.Build.0 = Debug|Any CPU
		{AC976289-219E-4718-8420-B99BBCB278F5}.Release|Any CPU.ActiveCfg = Release|Any CPU
		{AC976289-219E-4718-8420-B99BBCB278F5}.Release|Any CPU.Build.0 = Release|Any CPU
		{2EC11E0B-189C-4F0E-87F1-5A8293436CCE}.Debug|Any CPU.ActiveCfg = Debug|Any CPU
		{2EC11E0B-189C-4F0E-87F1-5A8293436CCE}.Debug|Any CPU.Build.0 = Debug|Any CPU
		{2EC11E0B-189C-4F0E-87F1-5A8293436CCE}.Release|Any CPU.ActiveCfg = Release|Any CPU
		{2EC11E0B-189C-4F0E-87F1-5A8293436CCE}.Release|Any CPU.Build.0 = Release|Any CPU
	EndGlobalSection
EndGlobal
